
Microsoft Visual Studio Solution File, Format Version 12.00
# Visual Studio 2012
Project("{FAE04EC0-301F-11D3-BF4B-00C04F79EFBC}") = "Study.Api", "Study.Api\Study.Api.csproj", "{E92B22C0-38CD-4480-AE11-9A83CAED38FE}"
EndProject
Project("{FAE04EC0-301F-11D3-BF4B-00C04F79EFBC}") = "Study.Common.Database", "Study.Common.Database\Study.Common.Database.csproj", "{C9C3415D-18DC-4CED-80E6-7D5F4F3DBCCB}"
EndProject
Project("{FAE04EC0-301F-11D3-BF4B-00C04F79EFBC}") = "Study.Common", "Study.Common\Study.Common.csproj", "{DE137E45-6C10-490D-8F1E-BEC68FB60701}"
EndProject
Global
	GlobalSection(SolutionConfigurationPlatforms) = preSolution
		Debug|Any CPU = Debug|Any CPU
		Release|Any CPU = Release|Any CPU
	EndGlobalSection
	GlobalSection(ProjectConfigurationPlatforms) = postSolution
		{E92B22C0-38CD-4480-AE11-9A83CAED38FE}.Debug|Any CPU.ActiveCfg = Debug|Any CPU
		{E92B22C0-38CD-4480-AE11-9A83CAED38FE}.Debug|Any CPU.Build.0 = Debug|Any CPU
		{E92B22C0-38CD-4480-AE11-9A83CAED38FE}.Release|Any CPU.ActiveCfg = Release|Any CPU
		{E92B22C0-38CD-4480-AE11-9A83CAED38FE}.Release|Any CPU.Build.0 = Release|Any CPU
		{C9C3415D-18DC-4CED-80E6-7D5F4F3DBCCB}.Debug|Any CPU.ActiveCfg = Debug|Any CPU
		{C9C3415D-18DC-4CED-80E6-7D5F4F3DBCCB}.Debug|Any CPU.Build.0 = Debug|Any CPU
		{C9C3415D-18DC-4CED-80E6-7D5F4F3DBCCB}.Release|Any CPU.ActiveCfg = Release|Any CPU
		{C9C3415D-18DC-4CED-80E6-7D5F4F3DBCCB}.Release|Any CPU.Build.0 = Release|Any CPU
		{DE137E45-6C10-490D-8F1E-BEC68FB60701}.Debug|Any CPU.ActiveCfg = Debug|Any CPU
		{DE137E45-6C10-490D-8F1E-BEC68FB60701}.Debug|Any CPU.Build.0 = Debug|Any CPU
		{DE137E45-6C10-490D-8F1E-BEC68FB60701}.Release|Any CPU.ActiveCfg = Release|Any CPU
		{DE137E45-6C10-490D-8F1E-BEC68FB60701}.Release|Any CPU.Build.0 = Release|Any CPU
	EndGlobalSection
EndGlobal
